
Microsoft Visual Studio Solution File, Format Version 12.00
# Visual Studio Version 16
VisualStudioVersion = 16.0.30128.74
MinimumVisualStudioVersion = 10.0.40219.1
Project("{9A19103F-16F7-4668-BE54-9A1E7A4F7556}") = "WebApiLab3", "WebApiLab3\WebApiLab3.csproj", "{F4D72DAF-7257-4FE9-AE4D-7001CE9FB571}"
EndProject
Project("{FAE04EC0-301F-11D3-BF4B-00C04F79EFBC}") = "ClientUI", "Client\ClientUI.csproj", "{3D80F09F-AB2D-457E-AC8C-8BAD5DC7AD88}"
EndProject
Global
	GlobalSection(SolutionConfigurationPlatforms) = preSolution
		Debug|Any CPU = Debug|Any CPU
		Release|Any CPU = Release|Any CPU
	EndGlobalSection
	GlobalSection(ProjectConfigurationPlatforms) = postSolution
		{F4D72DAF-7257-4FE9-AE4D-7001CE9FB571}.Debug|Any CPU.ActiveCfg = Debug|Any CPU
		{F4D72DAF-7257-4FE9-AE4D-7001CE9FB571}.Debug|Any CPU.Build.0 = Debug|Any CPU
		{F4D72DAF-7257-4FE9-AE4D-7001CE9FB571}.Release|Any CPU.ActiveCfg = Release|Any CPU
		{F4D72DAF-7257-4FE9-AE4D-7001CE9FB571}.Release|Any CPU.Build.0 = Release|Any CPU
		{3D80F09F-AB2D-457E-AC8C-8BAD5DC7AD88}.Debug|Any CPU.ActiveCfg = Debug|Any CPU
		{3D80F09F-AB2D-457E-AC8C-8BAD5DC7AD88}.Debug|Any CPU.Build.0 = Debug|Any CPU
		{3D80F09F-AB2D-457E-AC8C-8BAD5DC7AD88}.Release|Any CPU.ActiveCfg = Release|Any CPU
		{3D80F09F-AB2D-457E-AC8C-8BAD5DC7AD88}.Release|Any CPU.Build.0 = Release|Any CPU
	EndGlobalSection
	GlobalSection(SolutionProperties) = preSolution
		HideSolutionNode = FALSE
	EndGlobalSection
	GlobalSection(ExtensibilityGlobals) = postSolution
		SolutionGuid = {41C76FFE-92A0-4ABF-A6CA-EE69C122FC1E}
	EndGlobalSection
EndGlobal
